// !$*UTF8*$!
{
	archiveVersion = 1;
	classes = {
	};
	objectVersion = 56;
	objects = {

/* Begin PBXBuildFile section */
		D33254592988F69D00ACDE5D /* shell_game.cpp in Sources */ = {isa = PBXBuildFile; fileRef = D33254582988F69D00ACDE5D /* shell_game.cpp */; };
		D3670787298A462900B6C9BB /* mixing_milk.cpp in Sources */ = {isa = PBXBuildFile; fileRef = D3670786298A462900B6C9BB /* mixing_milk.cpp */; };
		D36B78482986702B0050E2F2 /* main.cpp in Sources */ = {isa = PBXBuildFile; fileRef = D36B78472986702B0050E2F2 /* main.cpp */; };
/* End PBXBuildFile section */

/* Begin PBXCopyFilesBuildPhase section */
		D33254542988F69D00ACDE5D /* CopyFiles */ = {
			isa = PBXCopyFilesBuildPhase;
			buildActionMask = 2147483647;
			dstPath = /usr/share/man/man1/;
			dstSubfolderSpec = 0;
			files = (
			);
			runOnlyForDeploymentPostprocessing = 1;
		};
		D3670782298A462900B6C9BB /* CopyFiles */ = {
			isa = PBXCopyFilesBuildPhase;
			buildActionMask = 2147483647;
			dstPath = /usr/share/man/man1/;
			dstSubfolderSpec = 0;
			files = (
			);
			runOnlyForDeploymentPostprocessing = 1;
		};
		D36B78422986702B0050E2F2 /* CopyFiles */ = {
			isa = PBXCopyFilesBuildPhase;
			buildActionMask = 2147483647;
			dstPath = /usr/share/man/man1/;
			dstSubfolderSpec = 0;
			files = (
			);
			runOnlyForDeploymentPostprocessing = 1;
		};
/* End PBXCopyFilesBuildPhase section */

/* Begin PBXFileReference section */
		D33254562988F69D00ACDE5D /* Shell Game */ = {isa = PBXFileReference; explicitFileType = "compiled.mach-o.executable"; includeInIndex = 0; path = "Shell Game"; sourceTree = BUILT_PRODUCTS_DIR; };
		D33254582988F69D00ACDE5D /* shell_game.cpp */ = {isa = PBXFileReference; lastKnownFileType = sourcecode.cpp.cpp; path = shell_game.cpp; sourceTree = "<group>"; };
		D3670784298A462900B6C9BB /* Mixing Milk */ = {isa = PBXFileReference; explicitFileType = "compiled.mach-o.executable"; includeInIndex = 0; path = "Mixing Milk"; sourceTree = BUILT_PRODUCTS_DIR; };
		D3670786298A462900B6C9BB /* mixing_milk.cpp */ = {isa = PBXFileReference; lastKnownFileType = sourcecode.cpp.cpp; path = mixing_milk.cpp; sourceTree = "<group>"; };
		D36B78442986702B0050E2F2 /* Competitive Programming */ = {isa = PBXFileReference; explicitFileType = "compiled.mach-o.executable"; includeInIndex = 0; path = "Competitive Programming"; sourceTree = BUILT_PRODUCTS_DIR; };
		D36B78472986702B0050E2F2 /* main.cpp */ = {isa = PBXFileReference; lastKnownFileType = sourcecode.cpp.cpp; path = main.cpp; sourceTree = "<group>"; };
/* End PBXFileReference section */

/* Begin PBXFrameworksBuildPhase section */
		D33254532988F69D00ACDE5D /* Frameworks */ = {
			isa = PBXFrameworksBuildPhase;
			buildActionMask = 2147483647;
			files = (
			);
			runOnlyForDeploymentPostprocessing = 0;
		};
		D3670781298A462900B6C9BB /* Frameworks */ = {
			isa = PBXFrameworksBuildPhase;
			buildActionMask = 2147483647;
			files = (
			);
			runOnlyForDeploymentPostprocessing = 0;
		};
		D36B78412986702B0050E2F2 /* Frameworks */ = {
			isa = PBXFrameworksBuildPhase;
			buildActionMask = 2147483647;
			files = (
			);
			runOnlyForDeploymentPostprocessing = 0;
		};
/* End PBXFrameworksBuildPhase section */

/* Begin PBXGroup section */
		D332544E2988F4BB00ACDE5D /* USACO */ = {
			isa = PBXGroup;
			children = (
				D332544F2988F65E00ACDE5D /* Bronze */,
			);
			path = USACO;
			sourceTree = "<group>";
		};
		D332544F2988F65E00ACDE5D /* Bronze */ = {
			isa = PBXGroup;
			children = (
				D367078B298A463100B6C9BB /* December 2018 */,
				D33254502988F66C00ACDE5D /* January 2019 */,
			);
			path = Bronze;
			sourceTree = "<group>";
		};
		D33254502988F66C00ACDE5D /* January 2019 */ = {
			isa = PBXGroup;
			children = (
				D33254572988F69D00ACDE5D /* Shell Game */,
			);
			path = "January 2019";
			sourceTree = "<group>";
		};
		D33254572988F69D00ACDE5D /* Shell Game */ = {
			isa = PBXGroup;
			children = (
				D33254582988F69D00ACDE5D /* shell_game.cpp */,
			);
			path = "Shell Game";
			sourceTree = "<group>";
		};
		D3670785298A462900B6C9BB /* Mixing Milk */ = {
			isa = PBXGroup;
			children = (
				D3670786298A462900B6C9BB /* mixing_milk.cpp */,
			);
			path = "Mixing Milk";
			sourceTree = "<group>";
		};
		D367078B298A463100B6C9BB /* December 2018 */ = {
			isa = PBXGroup;
			children = (
				D3670785298A462900B6C9BB /* Mixing Milk */,
			);
			path = "December 2018";
			sourceTree = "<group>";
		};
		D36B783B2986702B0050E2F2 = {
			isa = PBXGroup;
			children = (
				D36B78462986702B0050E2F2 /* Competitive Programming */,
				D36B78452986702B0050E2F2 /* Products */,
			);
			sourceTree = "<group>";
		};
		D36B78452986702B0050E2F2 /* Products */ = {
			isa = PBXGroup;
			children = (
				D36B78442986702B0050E2F2 /* Competitive Programming */,
				D33254562988F69D00ACDE5D /* Shell Game */,
				D3670784298A462900B6C9BB /* Mixing Milk */,
			);
			name = Products;
			sourceTree = "<group>";
		};
		D36B78462986702B0050E2F2 /* Competitive Programming */ = {
			isa = PBXGroup;
			children = (
				D36B78472986702B0050E2F2 /* main.cpp */,
				D332544E2988F4BB00ACDE5D /* USACO */,
			);
			path = "Competitive Programming";
			sourceTree = "<group>";
		};
/* End PBXGroup section */

/* Begin PBXNativeTarget section */
		D33254552988F69D00ACDE5D /* Shell Game */ = {
			isa = PBXNativeTarget;
			buildConfigurationList = D332545A2988F69D00ACDE5D /* Build configuration list for PBXNativeTarget "Shell Game" */;
			buildPhases = (
				D33254522988F69D00ACDE5D /* Sources */,
				D33254532988F69D00ACDE5D /* Frameworks */,
				D33254542988F69D00ACDE5D /* CopyFiles */,
			);
			buildRules = (
			);
			dependencies = (
			);
			name = "Shell Game";
			productName = "Shell Game";
			productReference = D33254562988F69D00ACDE5D /* Shell Game */;
			productType = "com.apple.product-type.tool";
		};
		D3670783298A462900B6C9BB /* Mixing Milk */ = {
			isa = PBXNativeTarget;
			buildConfigurationList = D367078A298A462900B6C9BB /* Build configuration list for PBXNativeTarget "Mixing Milk" */;
			buildPhases = (
				D3670780298A462900B6C9BB /* Sources */,
				D3670781298A462900B6C9BB /* Frameworks */,
				D3670782298A462900B6C9BB /* CopyFiles */,
			);
			buildRules = (
			);
			dependencies = (
			);
			name = "Mixing Milk";
			productName = "Mixing Milk";
			productReference = D3670784298A462900B6C9BB /* Mixing Milk */;
			productType = "com.apple.product-type.tool";
		};
		D36B78432986702B0050E2F2 /* Competitive Programming */ = {
			isa = PBXNativeTarget;
			buildConfigurationList = D36B784B2986702B0050E2F2 /* Build configuration list for PBXNativeTarget "Competitive Programming" */;
			buildPhases = (
				D36B78402986702B0050E2F2 /* Sources */,
				D36B78412986702B0050E2F2 /* Frameworks */,
				D36B78422986702B0050E2F2 /* CopyFiles */,
			);
			buildRules = (
			);
			dependencies = (
			);
			name = "Competitive Programming";
			productName = "Competitive Programming";
			productReference = D36B78442986702B0050E2F2 /* Competitive Programming */;
			productType = "com.apple.product-type.tool";
		};
/* End PBXNativeTarget section */

/* Begin PBXProject section */
		D36B783C2986702B0050E2F2 /* Project object */ = {
			isa = PBXProject;
			attributes = {
				BuildIndependentTargetsInParallel = 1;
				LastUpgradeCheck = 1420;
				TargetAttributes = {
					D33254552988F69D00ACDE5D = {
						CreatedOnToolsVersion = 14.2;
					};
					D3670783298A462900B6C9BB = {
						CreatedOnToolsVersion = 14.2;
					};
					D36B78432986702B0050E2F2 = {
						CreatedOnToolsVersion = 14.2;
					};
				};
			};
			buildConfigurationList = D36B783F2986702B0050E2F2 /* Build configuration list for PBXProject "Competitive Programming" */;
			compatibilityVersion = "Xcode 14.0";
			developmentRegion = en;
			hasScannedForEncodings = 0;
			knownRegions = (
				en,
				Base,
			);
			mainGroup = D36B783B2986702B0050E2F2;
			productRefGroup = D36B78452986702B0050E2F2 /* Products */;
			projectDirPath = "";
			projectRoot = "";
			targets = (
				D36B78432986702B0050E2F2 /* Competitive Programming */,
				D33254552988F69D00ACDE5D /* Shell Game */,
				D3670783298A462900B6C9BB /* Mixing Milk */,
			);
		};
/* End PBXProject section */

/* Begin PBXSourcesBuildPhase section */
		D33254522988F69D00ACDE5D /* Sources */ = {
			isa = PBXSourcesBuildPhase;
			buildActionMask = 2147483647;
			files = (
				D33254592988F69D00ACDE5D /* shell_game.cpp in Sources */,
			);
			runOnlyForDeploymentPostprocessing = 0;
		};
		D3670780298A462900B6C9BB /* Sources */ = {
			isa = PBXSourcesBuildPhase;
			buildActionMask = 2147483647;
			files = (
				D3670787298A462900B6C9BB /* mixing_milk.cpp in Sources */,
			);
			runOnlyForDeploymentPostprocessing = 0;
		};
		D36B78402986702B0050E2F2 /* Sources */ = {
			isa = PBXSourcesBuildPhase;
			buildActionMask = 2147483647;
			files = (
				D36B78482986702B0050E2F2 /* main.cpp in Sources */,
			);
			runOnlyForDeploymentPostprocessing = 0;
		};
/* End PBXSourcesBuildPhase section */

/* Begin XCBuildConfiguration section */
		D332545B2988F69D00ACDE5D /* Debug */ = {
			isa = XCBuildConfiguration;
			buildSettings = {
				CODE_SIGN_STYLE = Automatic;
				PRODUCT_NAME = "$(TARGET_NAME)";
			};
			name = Debug;
		};
		D332545C2988F69D00ACDE5D /* Release */ = {
			isa = XCBuildConfiguration;
			buildSettings = {
				CODE_SIGN_STYLE = Automatic;
				PRODUCT_NAME = "$(TARGET_NAME)";
			};
			name = Release;
		};
		D3670788298A462900B6C9BB /* Debug */ = {
			isa = XCBuildConfiguration;
			buildSettings = {
				CODE_SIGN_STYLE = Automatic;
				PRODUCT_NAME = "$(TARGET_NAME)";
			};
			name = Debug;
		};
		D3670789298A462900B6C9BB /* Release */ = {
			isa = XCBuildConfiguration;
			buildSettings = {
				CODE_SIGN_STYLE = Automatic;
				PRODUCT_NAME = "$(TARGET_NAME)";
			};
			name = Release;
		};
		D36B78492986702B0050E2F2 /* Debug */ = {
			isa = XCBuildConfiguration;
			buildSettings = {
				ALWAYS_SEARCH_USER_PATHS = NO;
				CLANG_ANALYZER_NONNULL = YES;
				CLANG_ANALYZER_NUMBER_OBJECT_CONVERSION = YES_AGGRESSIVE;
				CLANG_CXX_LANGUAGE_STANDARD = "gnu++20";
				CLANG_ENABLE_MODULES = YES;
				CLANG_ENABLE_OBJC_ARC = YES;
				CLANG_ENABLE_OBJC_WEAK = YES;
				CLANG_WARN_BLOCK_CAPTURE_AUTORELEASING = YES;
				CLANG_WARN_BOOL_CONVERSION = YES;
				CLANG_WARN_COMMA = YES;
				CLANG_WARN_CONSTANT_CONVERSION = YES;
				CLANG_WARN_DEPRECATED_OBJC_IMPLEMENTATIONS = YES;
				CLANG_WARN_DIRECT_OBJC_ISA_USAGE = YES_ERROR;
				CLANG_WARN_DOCUMENTATION_COMMENTS = YES;
				CLANG_WARN_EMPTY_BODY = YES;
				CLANG_WARN_ENUM_CONVERSION = YES;
				CLANG_WARN_INFINITE_RECURSION = YES;
				CLANG_WARN_INT_CONVERSION = YES;
				CLANG_WARN_NON_LITERAL_NULL_CONVERSION = YES;
				CLANG_WARN_OBJC_IMPLICIT_RETAIN_SELF = YES;
				CLANG_WARN_OBJC_LITERAL_CONVERSION = YES;
				CLANG_WARN_OBJC_ROOT_CLASS = YES_ERROR;
				CLANG_WARN_QUOTED_INCLUDE_IN_FRAMEWORK_HEADER = YES;
				CLANG_WARN_RANGE_LOOP_ANALYSIS = YES;
				CLANG_WARN_STRICT_PROTOTYPES = YES;
				CLANG_WARN_SUSPICIOUS_MOVE = YES;
				CLANG_WARN_UNGUARDED_AVAILABILITY = YES_AGGRESSIVE;
				CLANG_WARN_UNREACHABLE_CODE = YES;
				CLANG_WARN__DUPLICATE_METHOD_MATCH = YES;
				COPY_PHASE_STRIP = NO;
				DEBUG_INFORMATION_FORMAT = dwarf;
				ENABLE_STRICT_OBJC_MSGSEND = YES;
				ENABLE_TESTABILITY = YES;
				GCC_C_LANGUAGE_STANDARD = gnu11;
				GCC_DYNAMIC_NO_PIC = NO;
				GCC_NO_COMMON_BLOCKS = YES;
				GCC_OPTIMIZATION_LEVEL = 0;
				GCC_PREPROCESSOR_DEFINITIONS = (
					"DEBUG=1",
					"$(inherited)",
				);
				GCC_WARN_64_TO_32_BIT_CONVERSION = YES;
				GCC_WARN_ABOUT_RETURN_TYPE = YES_ERROR;
				GCC_WARN_UNDECLARED_SELECTOR = YES;
				GCC_WARN_UNINITIALIZED_AUTOS = YES_AGGRESSIVE;
				GCC_WARN_UNUSED_FUNCTION = YES;
				GCC_WARN_UNUSED_VARIABLE = YES;
				MACOSX_DEPLOYMENT_TARGET = 13.1;
				MTL_ENABLE_DEBUG_INFO = INCLUDE_SOURCE;
				MTL_FAST_MATH = YES;
				ONLY_ACTIVE_ARCH = YES;
				SDKROOT = macosx;
			};
			name = Debug;
		};
		D36B784A2986702B0050E2F2 /* Release */ = {
			isa = XCBuildConfiguration;
			buildSettings = {
				ALWAYS_SEARCH_USER_PATHS = NO;
				CLANG_ANALYZER_NONNULL = YES;
				CLANG_ANALYZER_NUMBER_OBJECT_CONVERSION = YES_AGGRESSIVE;
				CLANG_CXX_LANGUAGE_STANDARD = "gnu++20";
				CLANG_ENABLE_MODULES = YES;
				CLANG_ENABLE_OBJC_ARC = YES;
				CLANG_ENABLE_OBJC_WEAK = YES;
				CLANG_WARN_BLOCK_CAPTURE_AUTORELEASING = YES;
				CLANG_WARN_BOOL_CONVERSION = YES;
				CLANG_WARN_COMMA = YES;
				CLANG_WARN_CONSTANT_CONVERSION = YES;
				CLANG_WARN_DEPRECATED_OBJC_IMPLEMENTATIONS = YES;
				CLANG_WARN_DIRECT_OBJC_ISA_USAGE = YES_ERROR;
				CLANG_WARN_DOCUMENTATION_COMMENTS = YES;
				CLANG_WARN_EMPTY_BODY = YES;
				CLANG_WARN_ENUM_CONVERSION = YES;
				CLANG_WARN_INFINITE_RECURSION = YES;
				CLANG_WARN_INT_CONVERSION = YES;
				CLANG_WARN_NON_LITERAL_NULL_CONVERSION = YES;
				CLANG_WARN_OBJC_IMPLICIT_RETAIN_SELF = YES;
				CLANG_WARN_OBJC_LITERAL_CONVERSION = YES;
				CLANG_WARN_OBJC_ROOT_CLASS = YES_ERROR;
				CLANG_WARN_QUOTED_INCLUDE_IN_FRAMEWORK_HEADER = YES;
				CLANG_WARN_RANGE_LOOP_ANALYSIS = YES;
				CLANG_WARN_STRICT_PROTOTYPES = YES;
				CLANG_WARN_SUSPICIOUS_MOVE = YES;
				CLANG_WARN_UNGUARDED_AVAILABILITY = YES_AGGRESSIVE;
				CLANG_WARN_UNREACHABLE_CODE = YES;
				CLANG_WARN__DUPLICATE_METHOD_MATCH = YES;
				COPY_PHASE_STRIP = NO;
				DEBUG_INFORMATION_FORMAT = "dwarf-with-dsym";
				ENABLE_NS_ASSERTIONS = NO;
				ENABLE_STRICT_OBJC_MSGSEND = YES;
				GCC_C_LANGUAGE_STANDARD = gnu11;
				GCC_NO_COMMON_BLOCKS = YES;
				GCC_WARN_64_TO_32_BIT_CONVERSION = YES;
				GCC_WARN_ABOUT_RETURN_TYPE = YES_ERROR;
				GCC_WARN_UNDECLARED_SELECTOR = YES;
				GCC_WARN_UNINITIALIZED_AUTOS = YES_AGGRESSIVE;
				GCC_WARN_UNUSED_FUNCTION = YES;
				GCC_WARN_UNUSED_VARIABLE = YES;
				MACOSX_DEPLOYMENT_TARGET = 13.1;
				MTL_ENABLE_DEBUG_INFO = NO;
				MTL_FAST_MATH = YES;
				SDKROOT = macosx;
			};
			name = Release;
		};
		D36B784C2986702B0050E2F2 /* Debug */ = {
			isa = XCBuildConfiguration;
			buildSettings = {
				CODE_SIGN_STYLE = Automatic;
				PRODUCT_NAME = "$(TARGET_NAME)";
			};
			name = Debug;
		};
		D36B784D2986702B0050E2F2 /* Release */ = {
			isa = XCBuildConfiguration;
			buildSettings = {
				CODE_SIGN_STYLE = Automatic;
				PRODUCT_NAME = "$(TARGET_NAME)";
			};
			name = Release;
		};
/* End XCBuildConfiguration section */

/* Begin XCConfigurationList section */
		D332545A2988F69D00ACDE5D /* Build configuration list for PBXNativeTarget "Shell Game" */ = {
			isa = XCConfigurationList;
			buildConfigurations = (
				D332545B2988F69D00ACDE5D /* Debug */,
				D332545C2988F69D00ACDE5D /* Release */,
			);
			defaultConfigurationIsVisible = 0;
			defaultConfigurationName = Release;
		};
		D367078A298A462900B6C9BB /* Build configuration list for PBXNativeTarget "Mixing Milk" */ = {
			isa = XCConfigurationList;
			buildConfigurations = (
				D3670788298A462900B6C9BB /* Debug */,
				D3670789298A462900B6C9BB /* Release */,
			);
			defaultConfigurationIsVisible = 0;
			defaultConfigurationName = Release;
		};
		D36B783F2986702B0050E2F2 /* Build configuration list for PBXProject "Competitive Programming" */ = {
			isa = XCConfigurationList;
			buildConfigurations = (
				D36B78492986702B0050E2F2 /* Debug */,
				D36B784A2986702B0050E2F2 /* Release */,
			);
			defaultConfigurationIsVisible = 0;
			defaultConfigurationName = Release;
		};
		D36B784B2986702B0050E2F2 /* Build configuration list for PBXNativeTarget "Competitive Programming" */ = {
			isa = XCConfigurationList;
			buildConfigurations = (
				D36B784C2986702B0050E2F2 /* Debug */,
				D36B784D2986702B0050E2F2 /* Release */,
			);
			defaultConfigurationIsVisible = 0;
			defaultConfigurationName = Release;
		};
/* End XCConfigurationList section */
	};
	rootObject = D36B783C2986702B0050E2F2 /* Project object */;
}
